
Microsoft Visual Studio Solution File, Format Version 12.00
# Visual Studio Version 17
VisualStudioVersion = 17.12.35707.178
MinimumVisualStudioVersion = 10.0.40219.1
Project("{FAE04EC0-301F-11D3-BF4B-00C04F79EFBC}") = "Task1", "Task1\Task1.csproj", "{75832BB8-96E1-4BCE-8C17-B355BAC24590}"
EndProject
Project("{FAE04EC0-301F-11D3-BF4B-00C04F79EFBC}") = "Task3", "Task3\Task3.csproj", "{AB22613F-6DAD-473F-9306-8329BC7E2C69}"
EndProject
Project("{FAE04EC0-301F-11D3-BF4B-00C04F79EFBC}") = "Task8", "Task8\Task8.csproj", "{85B1EFF0-C091-4D37-94BC-4370693F4819}"
EndProject
Project("{FAE04EC0-301F-11D3-BF4B-00C04F79EFBC}") = "Task9", "Task9\Task9.csproj", "{4352FC70-2F5D-471D-9158-87E7A5854AE0}"
EndProject
Global
	GlobalSection(SolutionConfigurationPlatforms) = preSolution
		Debug|Any CPU = Debug|Any CPU
		Release|Any CPU = Release|Any CPU
	EndGlobalSection
	GlobalSection(ProjectConfigurationPlatforms) = postSolution
		{75832BB8-96E1-4BCE-8C17-B355BAC24590}.Debug|Any CPU.ActiveCfg = Debug|Any CPU
		{75832BB8-96E1-4BCE-8C17-B355BAC24590}.Debug|Any CPU.Build.0 = Debug|Any CPU
		{75832BB8-96E1-4BCE-8C17-B355BAC24590}.Release|Any CPU.ActiveCfg = Release|Any CPU
		{75832BB8-96E1-4BCE-8C17-B355BAC24590}.Release|Any CPU.Build.0 = Release|Any CPU
		{AB22613F-6DAD-473F-9306-8329BC7E2C69}.Debug|Any CPU.ActiveCfg = Debug|Any CPU
		{AB22613F-6DAD-473F-9306-8329BC7E2C69}.Debug|Any CPU.Build.0 = Debug|Any CPU
		{AB22613F-6DAD-473F-9306-8329BC7E2C69}.Release|Any CPU.ActiveCfg = Release|Any CPU
		{AB22613F-6DAD-473F-9306-8329BC7E2C69}.Release|Any CPU.Build.0 = Release|Any CPU
		{85B1EFF0-C091-4D37-94BC-4370693F4819}.Debug|Any CPU.ActiveCfg = Debug|Any CPU
		{85B1EFF0-C091-4D37-94BC-4370693F4819}.Debug|Any CPU.Build.0 = Debug|Any CPU
		{85B1EFF0-C091-4D37-94BC-4370693F4819}.Release|Any CPU.ActiveCfg = Release|Any CPU
		{85B1EFF0-C091-4D37-94BC-4370693F4819}.Release|Any CPU.Build.0 = Release|Any CPU
		{4352FC70-2F5D-471D-9158-87E7A5854AE0}.Debug|Any CPU.ActiveCfg = Debug|Any CPU
		{4352FC70-2F5D-471D-9158-87E7A5854AE0}.Debug|Any CPU.Build.0 = Debug|Any CPU
		{4352FC70-2F5D-471D-9158-87E7A5854AE0}.Release|Any CPU.ActiveCfg = Release|Any CPU
		{4352FC70-2F5D-471D-9158-87E7A5854AE0}.Release|Any CPU.Build.0 = Release|Any CPU
	EndGlobalSection
	GlobalSection(SolutionProperties) = preSolution
		HideSolutionNode = FALSE
	EndGlobalSection
EndGlobal
